
Microsoft Visual Studio Solution File, Format Version 12.00
# Visual Studio Version 16
VisualStudioVersion = 16.0.28803.156
MinimumVisualStudioVersion = 10.0.40219.1
Project("{FAE04EC0-301F-11D3-BF4B-00C04F79EFBC}") = "JokeApp", "JokeApp\JokeApp.csproj", "{F2ED5B15-ABD4-4592-90B9-970D5B4B994C}"
EndProject
Global
	GlobalSection(SolutionConfigurationPlatforms) = preSolution
		Debug|Any CPU = Debug|Any CPU
		Release|Any CPU = Release|Any CPU
	EndGlobalSection
	GlobalSection(ProjectConfigurationPlatforms) = postSolution
		{F2ED5B15-ABD4-4592-90B9-970D5B4B994C}.Debug|Any CPU.ActiveCfg = Debug|Any CPU
		{F2ED5B15-ABD4-4592-90B9-970D5B4B994C}.Debug|Any CPU.Build.0 = Debug|Any CPU
		{F2ED5B15-ABD4-4592-90B9-970D5B4B994C}.Release|Any CPU.ActiveCfg = Release|Any CPU
		{F2ED5B15-ABD4-4592-90B9-970D5B4B994C}.Release|Any CPU.Build.0 = Release|Any CPU
	EndGlobalSection
	GlobalSection(SolutionProperties) = preSolution
		HideSolutionNode = FALSE
	EndGlobalSection
	GlobalSection(ExtensibilityGlobals) = postSolution
		SolutionGuid = {EC1FBEC0-6F18-4305-9C8F-E1AB9D7EB27B}
	EndGlobalSection
EndGlobal
